
Microsoft Visual Studio Solution File, Format Version 12.00
# Visual Studio Version 16
VisualStudioVersion = 16.0.31911.196
MinimumVisualStudioVersion = 10.0.40219.1
Project("{9A19103F-16F7-4668-BE54-9A1E7A4F7556}") = "Overloading", "Overloading\Overloading.csproj", "{80546C80-1316-4B72-8354-E51A2AA9E932}"
EndProject
Project("{FAE04EC0-301F-11D3-BF4B-00C04F79EFBC}") = "Deneme", "Deneme\Deneme.csproj", "{97339B8A-D820-4525-9C87-B76DC7931439}"
EndProject
Project("{FAE04EC0-301F-11D3-BF4B-00C04F79EFBC}") = "Deneme2", "Deneme2\Deneme2.csproj", "{986935E0-BB44-4F3B-AF86-4F0AA13DBDAA}"
EndProject
Global
	GlobalSection(SolutionConfigurationPlatforms) = preSolution
		Debug|Any CPU = Debug|Any CPU
		Release|Any CPU = Release|Any CPU
	EndGlobalSection
	GlobalSection(ProjectConfigurationPlatforms) = postSolution
		{80546C80-1316-4B72-8354-E51A2AA9E932}.Debug|Any CPU.ActiveCfg = Debug|Any CPU
		{80546C80-1316-4B72-8354-E51A2AA9E932}.Debug|Any CPU.Build.0 = Debug|Any CPU
		{80546C80-1316-4B72-8354-E51A2AA9E932}.Release|Any CPU.ActiveCfg = Release|Any CPU
		{80546C80-1316-4B72-8354-E51A2AA9E932}.Release|Any CPU.Build.0 = Release|Any CPU
		{97339B8A-D820-4525-9C87-B76DC7931439}.Debug|Any CPU.ActiveCfg = Debug|Any CPU
		{97339B8A-D820-4525-9C87-B76DC7931439}.Debug|Any CPU.Build.0 = Debug|Any CPU
		{97339B8A-D820-4525-9C87-B76DC7931439}.Release|Any CPU.ActiveCfg = Release|Any CPU
		{97339B8A-D820-4525-9C87-B76DC7931439}.Release|Any CPU.Build.0 = Release|Any CPU
		{986935E0-BB44-4F3B-AF86-4F0AA13DBDAA}.Debug|Any CPU.ActiveCfg = Debug|Any CPU
		{986935E0-BB44-4F3B-AF86-4F0AA13DBDAA}.Debug|Any CPU.Build.0 = Debug|Any CPU
		{986935E0-BB44-4F3B-AF86-4F0AA13DBDAA}.Release|Any CPU.ActiveCfg = Release|Any CPU
		{986935E0-BB44-4F3B-AF86-4F0AA13DBDAA}.Release|Any CPU.Build.0 = Release|Any CPU
	EndGlobalSection
	GlobalSection(SolutionProperties) = preSolution
		HideSolutionNode = FALSE
	EndGlobalSection
	GlobalSection(ExtensibilityGlobals) = postSolution
		SolutionGuid = {D8AAEDF4-42C8-4540-8599-47089143BE9F}
	EndGlobalSection
EndGlobal
